// !$*UTF8*$!
{
	archiveVersion = 1;
	classes = {
	};
	objectVersion = 50;
	objects = {

/* Begin PBXBuildFile section */
		9CAE0662244052EF000F0B40 /* AppDelegate.swift in Sources */ = {isa = PBXBuildFile; fileRef = 9CAE0661244052EF000F0B40 /* AppDelegate.swift */; };
		9CAE0664244052EF000F0B40 /* SceneDelegate.swift in Sources */ = {isa = PBXBuildFile; fileRef = 9CAE0663244052EF000F0B40 /* SceneDelegate.swift */; };
		9CAE0666244052EF000F0B40 /* ViewController.swift in Sources */ = {isa = PBXBuildFile; fileRef = 9CAE0665244052EF000F0B40 /* ViewController.swift */; };
		9CAE0669244052EF000F0B40 /* Main.storyboard in Resources */ = {isa = PBXBuildFile; fileRef = 9CAE0667244052EF000F0B40 /* Main.storyboard */; };
		9CAE066B244052F3000F0B40 /* Assets.xcassets in Resources */ = {isa = PBXBuildFile; fileRef = 9CAE066A244052F3000F0B40 /* Assets.xcassets */; };
		9CAE066E244052F3000F0B40 /* LaunchScreen.storyboard in Resources */ = {isa = PBXBuildFile; fileRef = 9CAE066C244052F3000F0B40 /* LaunchScreen.storyboard */; };
		9CAE067A2440552B000F0B40 /* DodgeScene.swift in Sources */ = {isa = PBXBuildFile; fileRef = 9CAE06792440552B000F0B40 /* DodgeScene.swift */; };
		9CAE067C244055D9000F0B40 /* Player.swift in Sources */ = {isa = PBXBuildFile; fileRef = 9CAE067B244055D9000F0B40 /* Player.swift */; };
		9CAE067E24406818000F0B40 /* Missle.swift in Sources */ = {isa = PBXBuildFile; fileRef = 9CAE067D24406818000F0B40 /* Missle.swift */; };
		9CEE3D542465560F004C1E70 /* JoystickScene.swift in Sources */ = {isa = PBXBuildFile; fileRef = 9CEE3D532465560F004C1E70 /* JoystickScene.swift */; };
		9CEE3D562465561F004C1E70 /* TLAnalogJoystick.swift in Sources */ = {isa = PBXBuildFile; fileRef = 9CEE3D552465561F004C1E70 /* TLAnalogJoystick.swift */; };
/* End PBXBuildFile section */

/* Begin PBXFileReference section */
		9CAE065E244052EF000F0B40 /* EsterEggDodge.app */ = {isa = PBXFileReference; explicitFileType = wrapper.application; includeInIndex = 0; path = EsterEggDodge.app; sourceTree = BUILT_PRODUCTS_DIR; };
		9CAE0661244052EF000F0B40 /* AppDelegate.swift */ = {isa = PBXFileReference; lastKnownFileType = sourcecode.swift; path = AppDelegate.swift; sourceTree = "<group>"; };
		9CAE0663244052EF000F0B40 /* SceneDelegate.swift */ = {isa = PBXFileReference; lastKnownFileType = sourcecode.swift; path = SceneDelegate.swift; sourceTree = "<group>"; };
		9CAE0665244052EF000F0B40 /* ViewController.swift */ = {isa = PBXFileReference; lastKnownFileType = sourcecode.swift; path = ViewController.swift; sourceTree = "<group>"; };
		9CAE0668244052EF000F0B40 /* Base */ = {isa = PBXFileReference; lastKnownFileType = file.storyboard; name = Base; path = Base.lproj/Main.storyboard; sourceTree = "<group>"; };
		9CAE066A244052F3000F0B40 /* Assets.xcassets */ = {isa = PBXFileReference; lastKnownFileType = folder.assetcatalog; path = Assets.xcassets; sourceTree = "<group>"; };
		9CAE066D244052F3000F0B40 /* Base */ = {isa = PBXFileReference; lastKnownFileType = file.storyboard; name = Base; path = Base.lproj/LaunchScreen.storyboard; sourceTree = "<group>"; };
		9CAE066F244052F3000F0B40 /* Info.plist */ = {isa = PBXFileReference; lastKnownFileType = text.plist.xml; path = Info.plist; sourceTree = "<group>"; };
		9CAE06792440552B000F0B40 /* DodgeScene.swift */ = {isa = PBXFileReference; lastKnownFileType = sourcecode.swift; path = DodgeScene.swift; sourceTree = "<group>"; };
		9CAE067B244055D9000F0B40 /* Player.swift */ = {isa = PBXFileReference; lastKnownFileType = sourcecode.swift; path = Player.swift; sourceTree = "<group>"; };
		9CAE067D24406818000F0B40 /* Missle.swift */ = {isa = PBXFileReference; lastKnownFileType = sourcecode.swift; path = Missle.swift; sourceTree = "<group>"; };
		9CEE3D532465560F004C1E70 /* JoystickScene.swift */ = {isa = PBXFileReference; fileEncoding = 4; lastKnownFileType = sourcecode.swift; path = JoystickScene.swift; sourceTree = "<group>"; };
		9CEE3D552465561F004C1E70 /* TLAnalogJoystick.swift */ = {isa = PBXFileReference; fileEncoding = 4; lastKnownFileType = sourcecode.swift; path = TLAnalogJoystick.swift; sourceTree = "<group>"; };
/* End PBXFileReference section */

/* Begin PBXFrameworksBuildPhase section */
		9CAE065B244052EF000F0B40 /* Frameworks */ = {
			isa = PBXFrameworksBuildPhase;
			buildActionMask = 2147483647;
			files = (
			);
			runOnlyForDeploymentPostprocessing = 0;
		};
/* End PBXFrameworksBuildPhase section */

/* Begin PBXGroup section */
		9CAE0655244052EF000F0B40 = {
			isa = PBXGroup;
			children = (
				9CAE0660244052EF000F0B40 /* EsterEggDodge */,
				9CAE065F244052EF000F0B40 /* Products */,
			);
			sourceTree = "<group>";
		};
		9CAE065F244052EF000F0B40 /* Products */ = {
			isa = PBXGroup;
			children = (
				9CAE065E244052EF000F0B40 /* EsterEggDodge.app */,
			);
			name = Products;
			sourceTree = "<group>";
		};
		9CAE0660244052EF000F0B40 /* EsterEggDodge */ = {
			isa = PBXGroup;
			children = (
				9CAE0661244052EF000F0B40 /* AppDelegate.swift */,
				9CAE0663244052EF000F0B40 /* SceneDelegate.swift */,
				9CAE0665244052EF000F0B40 /* ViewController.swift */,
				9CEE3D552465561F004C1E70 /* TLAnalogJoystick.swift */,
				9CAE0667244052EF000F0B40 /* Main.storyboard */,
				9CEE3D532465560F004C1E70 /* JoystickScene.swift */,
				9CAE066A244052F3000F0B40 /* Assets.xcassets */,
				9CAE066C244052F3000F0B40 /* LaunchScreen.storyboard */,
				9CAE066F244052F3000F0B40 /* Info.plist */,
				9CAE06792440552B000F0B40 /* DodgeScene.swift */,
				9CAE067B244055D9000F0B40 /* Player.swift */,
				9CAE067D24406818000F0B40 /* Missle.swift */,
			);
			path = EsterEggDodge;
			sourceTree = "<group>";
		};
/* End PBXGroup section */

/* Begin PBXNativeTarget section */
		9CAE065D244052EF000F0B40 /* EsterEggDodge */ = {
			isa = PBXNativeTarget;
			buildConfigurationList = 9CAE0672244052F3000F0B40 /* Build configuration list for PBXNativeTarget "EsterEggDodge" */;
			buildPhases = (
				9CAE065A244052EF000F0B40 /* Sources */,
				9CAE065B244052EF000F0B40 /* Frameworks */,
				9CAE065C244052EF000F0B40 /* Resources */,
			);
			buildRules = (
			);
			dependencies = (
			);
			name = EsterEggDodge;
			productName = EsterEggDodge;
			productReference = 9CAE065E244052EF000F0B40 /* EsterEggDodge.app */;
			productType = "com.apple.product-type.application";
		};
/* End PBXNativeTarget section */

/* Begin PBXProject section */
		9CAE0656244052EF000F0B40 /* Project object */ = {
			isa = PBXProject;
			attributes = {
				LastSwiftUpdateCheck = 1140;
				LastUpgradeCheck = 1140;
				ORGANIZATIONNAME = "Okmin Lee";
				TargetAttributes = {
					9CAE065D244052EF000F0B40 = {
						CreatedOnToolsVersion = 11.4;
					};
				};
			};
			buildConfigurationList = 9CAE0659244052EF000F0B40 /* Build configuration list for PBXProject "EsterEggDodge" */;
			compatibilityVersion = "Xcode 9.3";
			developmentRegion = en;
			hasScannedForEncodings = 0;
			knownRegions = (
				en,
				Base,
			);
			mainGroup = 9CAE0655244052EF000F0B40;
			productRefGroup = 9CAE065F244052EF000F0B40 /* Products */;
			projectDirPath = "";
			projectRoot = "";
			targets = (
				9CAE065D244052EF000F0B40 /* EsterEggDodge */,
			);
		};
/* End PBXProject section */

/* Begin PBXResourcesBuildPhase section */
		9CAE065C244052EF000F0B40 /* Resources */ = {
			isa = PBXResourcesBuildPhase;
			buildActionMask = 2147483647;
			files = (
				9CAE066E244052F3000F0B40 /* LaunchScreen.storyboard in Resources */,
				9CAE066B244052F3000F0B40 /* Assets.xcassets in Resources */,
				9CAE0669244052EF000F0B40 /* Main.storyboard in Resources */,
			);
			runOnlyForDeploymentPostprocessing = 0;
		};
/* End PBXResourcesBuildPhase section */

/* Begin PBXSourcesBuildPhase section */
		9CAE065A244052EF000F0B40 /* Sources */ = {
			isa = PBXSourcesBuildPhase;
			buildActionMask = 2147483647;
			files = (
				9CAE0666244052EF000F0B40 /* ViewController.swift in Sources */,
				9CAE067A2440552B000F0B40 /* DodgeScene.swift in Sources */,
				9CAE0662244052EF000F0B40 /* AppDelegate.swift in Sources */,
				9CEE3D562465561F004C1E70 /* TLAnalogJoystick.swift in Sources */,
				9CAE067E24406818000F0B40 /* Missle.swift in Sources */,
				9CAE067C244055D9000F0B40 /* Player.swift in Sources */,
				9CEE3D542465560F004C1E70 /* JoystickScene.swift in Sources */,
				9CAE0664244052EF000F0B40 /* SceneDelegate.swift in Sources */,
			);
			runOnlyForDeploymentPostprocessing = 0;
		};
/* End PBXSourcesBuildPhase section */

/* Begin PBXVariantGroup section */
		9CAE0667244052EF000F0B40 /* Main.storyboard */ = {
			isa = PBXVariantGroup;
			children = (
				9CAE0668244052EF000F0B40 /* Base */,
			);
			name = Main.storyboard;
			sourceTree = "<group>";
		};
		9CAE066C244052F3000F0B40 /* LaunchScreen.storyboard */ = {
			isa = PBXVariantGroup;
			children = (
				9CAE066D244052F3000F0B40 /* Base */,
			);
			name = LaunchScreen.storyboard;
			sourceTree = "<group>";
		};
/* End PBXVariantGroup section */

/* Begin XCBuildConfiguration section */
		9CAE0670244052F3000F0B40 /* Debug */ = {
			isa = XCBuildConfiguration;
			buildSettings = {
				ALWAYS_SEARCH_USER_PATHS = NO;
				CLANG_ANALYZER_NONNULL = YES;
				CLANG_ANALYZER_NUMBER_OBJECT_CONVERSION = YES_AGGRESSIVE;
				CLANG_CXX_LANGUAGE_STANDARD = "gnu++14";
				CLANG_CXX_LIBRARY = "libc++";
				CLANG_ENABLE_MODULES = YES;
				CLANG_ENABLE_OBJC_ARC = YES;
				CLANG_ENABLE_OBJC_WEAK = YES;
				CLANG_WARN_BLOCK_CAPTURE_AUTORELEASING = YES;
				CLANG_WARN_BOOL_CONVERSION = YES;
				CLANG_WARN_COMMA = YES;
				CLANG_WARN_CONSTANT_CONVERSION = YES;
				CLANG_WARN_DEPRECATED_OBJC_IMPLEMENTATIONS = YES;
				CLANG_WARN_DIRECT_OBJC_ISA_USAGE = YES_ERROR;
				CLANG_WARN_DOCUMENTATION_COMMENTS = YES;
				CLANG_WARN_EMPTY_BODY = YES;
				CLANG_WARN_ENUM_CONVERSION = YES;
				CLANG_WARN_INFINITE_RECURSION = YES;
				CLANG_WARN_INT_CONVERSION = YES;
				CLANG_WARN_NON_LITERAL_NULL_CONVERSION = YES;
				CLANG_WARN_OBJC_IMPLICIT_RETAIN_SELF = YES;
				CLANG_WARN_OBJC_LITERAL_CONVERSION = YES;
				CLANG_WARN_OBJC_ROOT_CLASS = YES_ERROR;
				CLANG_WARN_RANGE_LOOP_ANALYSIS = YES;
				CLANG_WARN_STRICT_PROTOTYPES = YES;
				CLANG_WARN_SUSPICIOUS_MOVE = YES;
				CLANG_WARN_UNGUARDED_AVAILABILITY = YES_AGGRESSIVE;
				CLANG_WARN_UNREACHABLE_CODE = YES;
				CLANG_WARN__DUPLICATE_METHOD_MATCH = YES;
				COPY_PHASE_STRIP = NO;
				DEBUG_INFORMATION_FORMAT = dwarf;
				ENABLE_STRICT_OBJC_MSGSEND = YES;
				ENABLE_TESTABILITY = YES;
				GCC_C_LANGUAGE_STANDARD = gnu11;
				GCC_DYNAMIC_NO_PIC = NO;
				GCC_NO_COMMON_BLOCKS = YES;
				GCC_OPTIMIZATION_LEVEL = 0;
				GCC_PREPROCESSOR_DEFINITIONS = (
					"DEBUG=1",
					"$(inherited)",
				);
				GCC_WARN_64_TO_32_BIT_CONVERSION = YES;
				GCC_WARN_ABOUT_RETURN_TYPE = YES_ERROR;
				GCC_WARN_UNDECLARED_SELECTOR = YES;
				GCC_WARN_UNINITIALIZED_AUTOS = YES_AGGRESSIVE;
				GCC_WARN_UNUSED_FUNCTION = YES;
				GCC_WARN_UNUSED_VARIABLE = YES;
				IPHONEOS_DEPLOYMENT_TARGET = 13.4;
				MTL_ENABLE_DEBUG_INFO = INCLUDE_SOURCE;
				MTL_FAST_MATH = YES;
				ONLY_ACTIVE_ARCH = YES;
				SDKROOT = iphoneos;
				SWIFT_ACTIVE_COMPILATION_CONDITIONS = DEBUG;
				SWIFT_OPTIMIZATION_LEVEL = "-Onone";
			};
			name = Debug;
		};
		9CAE0671244052F3000F0B40 /* Release */ = {
			isa = XCBuildConfiguration;
			buildSettings = {
				ALWAYS_SEARCH_USER_PATHS = NO;
				CLANG_ANALYZER_NONNULL = YES;
				CLANG_ANALYZER_NUMBER_OBJECT_CONVERSION = YES_AGGRESSIVE;
				CLANG_CXX_LANGUAGE_STANDARD = "gnu++14";
				CLANG_CXX_LIBRARY = "libc++";
				CLANG_ENABLE_MODULES = YES;
				CLANG_ENABLE_OBJC_ARC = YES;
				CLANG_ENABLE_OBJC_WEAK = YES;
				CLANG_WARN_BLOCK_CAPTURE_AUTORELEASING = YES;
				CLANG_WARN_BOOL_CONVERSION = YES;
				CLANG_WARN_COMMA = YES;
				CLANG_WARN_CONSTANT_CONVERSION = YES;
				CLANG_WARN_DEPRECATED_OBJC_IMPLEMENTATIONS = YES;
				CLANG_WARN_DIRECT_OBJC_ISA_USAGE = YES_ERROR;
				CLANG_WARN_DOCUMENTATION_COMMENTS = YES;
				CLANG_WARN_EMPTY_BODY = YES;
				CLANG_WARN_ENUM_CONVERSION = YES;
				CLANG_WARN_INFINITE_RECURSION = YES;
				CLANG_WARN_INT_CONVERSION = YES;
				CLANG_WARN_NON_LITERAL_NULL_CONVERSION = YES;
				CLANG_WARN_OBJC_IMPLICIT_RETAIN_SELF = YES;
				CLANG_WARN_OBJC_LITERAL_CONVERSION = YES;
				CLANG_WARN_OBJC_ROOT_CLASS = YES_ERROR;
				CLANG_WARN_RANGE_LOOP_ANALYSIS = YES;
				CLANG_WARN_STRICT_PROTOTYPES = YES;
				CLANG_WARN_SUSPICIOUS_MOVE = YES;
				CLANG_WARN_UNGUARDED_AVAILABILITY = YES_AGGRESSIVE;
				CLANG_WARN_UNREACHABLE_CODE = YES;
				CLANG_WARN__DUPLICATE_METHOD_MATCH = YES;
				COPY_PHASE_STRIP = NO;
				DEBUG_INFORMATION_FORMAT = "dwarf-with-dsym";
				ENABLE_NS_ASSERTIONS = NO;
				ENABLE_STRICT_OBJC_MSGSEND = YES;
				GCC_C_LANGUAGE_STANDARD = gnu11;
				GCC_NO_COMMON_BLOCKS = YES;
				GCC_WARN_64_TO_32_BIT_CONVERSION = YES;
				GCC_WARN_ABOUT_RETURN_TYPE = YES_ERROR;
				GCC_WARN_UNDECLARED_SELECTOR = YES;
				GCC_WARN_UNINITIALIZED_AUTOS = YES_AGGRESSIVE;
				GCC_WARN_UNUSED_FUNCTION = YES;
				GCC_WARN_UNUSED_VARIABLE = YES;
				IPHONEOS_DEPLOYMENT_TARGET = 13.4;
				MTL_ENABLE_DEBUG_INFO = NO;
				MTL_FAST_MATH = YES;
				SDKROOT = iphoneos;
				SWIFT_COMPILATION_MODE = wholemodule;
				SWIFT_OPTIMIZATION_LEVEL = "-O";
				VALIDATE_PRODUCT = YES;
			};
			name = Release;
		};
		9CAE0673244052F3000F0B40 /* Debug */ = {
			isa = XCBuildConfiguration;
			buildSettings = {
				ASSETCATALOG_COMPILER_APPICON_NAME = AppIcon;
				CODE_SIGN_STYLE = Automatic;
				DEVELOPMENT_TEAM = BP7Z894948;
				INFOPLIST_FILE = EsterEggDodge/Info.plist;
				IPHONEOS_DEPLOYMENT_TARGET = 13.0;
				LD_RUNPATH_SEARCH_PATHS = (
					"$(inherited)",
					"@executable_path/Frameworks",
				);
				PRODUCT_BUNDLE_IDENTIFIER = test.EsterEggDodge;
				PRODUCT_NAME = "$(TARGET_NAME)";
				SWIFT_VERSION = 5.0;
				TARGETED_DEVICE_FAMILY = "1,2";
			};
			name = Debug;
		};
		9CAE0674244052F3000F0B40 /* Release */ = {
			isa = XCBuildConfiguration;
			buildSettings = {
				ASSETCATALOG_COMPILER_APPICON_NAME = AppIcon;
				CODE_SIGN_STYLE = Automatic;
				DEVELOPMENT_TEAM = BP7Z894948;
				INFOPLIST_FILE = EsterEggDodge/Info.plist;
				IPHONEOS_DEPLOYMENT_TARGET = 13.0;
				LD_RUNPATH_SEARCH_PATHS = (
					"$(inherited)",
					"@executable_path/Frameworks",
				);
				PRODUCT_BUNDLE_IDENTIFIER = test.EsterEggDodge;
				PRODUCT_NAME = "$(TARGET_NAME)";
				SWIFT_VERSION = 5.0;
				TARGETED_DEVICE_FAMILY = "1,2";
			};
			name = Release;
		};
/* End XCBuildConfiguration section */

/* Begin XCConfigurationList section */
		9CAE0659244052EF000F0B40 /* Build configuration list for PBXProject "EsterEggDodge" */ = {
			isa = XCConfigurationList;
			buildConfigurations = (
				9CAE0670244052F3000F0B40 /* Debug */,
				9CAE0671244052F3000F0B40 /* Release */,
			);
			defaultConfigurationIsVisible = 0;
			defaultConfigurationName = Release;
		};
		9CAE0672244052F3000F0B40 /* Build configuration list for PBXNativeTarget "EsterEggDodge" */ = {
			isa = XCConfigurationList;
			buildConfigurations = (
				9CAE0673244052F3000F0B40 /* Debug */,
				9CAE0674244052F3000F0B40 /* Release */,
			);
			defaultConfigurationIsVisible = 0;
			defaultConfigurationName = Release;
		};
/* End XCConfigurationList section */
	};
	rootObject = 9CAE0656244052EF000F0B40 /* Project object */;
}
